// !$*UTF8*$!
{
	archiveVersion = 1;
	classes = {
	};
	objectVersion = 51;
	objects = {

/* Begin PBXBuildFile section */
		040F8880231B2104000D4921 /* AppDelegate.swift in Sources */ = {isa = PBXBuildFile; fileRef = 040F887F231B2104000D4921 /* AppDelegate.swift */; };
		040F8882231B2104000D4921 /* Navbar.swift in Sources */ = {isa = PBXBuildFile; fileRef = 040F8881231B2104000D4921 /* Navbar.swift */; };
		040F8887231B2105000D4921 /* Assets.xcassets in Resources */ = {isa = PBXBuildFile; fileRef = 040F8886231B2105000D4921 /* Assets.xcassets */; };
		040F888A231B2105000D4921 /* LaunchScreen.storyboard in Resources */ = {isa = PBXBuildFile; fileRef = 040F8888231B2105000D4921 /* LaunchScreen.storyboard */; };
		040F8896231B21DC000D4921 /* General.swift in Sources */ = {isa = PBXBuildFile; fileRef = 040F8895231B21DC000D4921 /* General.swift */; };
		040F8898231B272B000D4921 /* FirstScreen.swift in Sources */ = {isa = PBXBuildFile; fileRef = 040F8897231B272B000D4921 /* FirstScreen.swift */; };
		040F889A231B2B3F000D4921 /* FirstCell.swift in Sources */ = {isa = PBXBuildFile; fileRef = 040F8899231B2B3F000D4921 /* FirstCell.swift */; };
		040F889C231B336A000D4921 /* CreateAlert.swift in Sources */ = {isa = PBXBuildFile; fileRef = 040F889B231B336A000D4921 /* CreateAlert.swift */; };
		040F889E231B380B000D4921 /* MessageView.swift in Sources */ = {isa = PBXBuildFile; fileRef = 040F889D231B380B000D4921 /* MessageView.swift */; };
		040F88A0231B3833000D4921 /* ChatView.swift in Sources */ = {isa = PBXBuildFile; fileRef = 040F889F231B3833000D4921 /* ChatView.swift */; };
		041913E023F61FE400C10D73 /* SuspendUserInfoVC.swift in Sources */ = {isa = PBXBuildFile; fileRef = 041913DF23F61FE400C10D73 /* SuspendUserInfoVC.swift */; };
		043CE7D0231DC53B00CF84DD /* GoogleService-Info.plist in Resources */ = {isa = PBXBuildFile; fileRef = 043CE7CF231DC53B00CF84DD /* GoogleService-Info.plist */; };
		043CE7D2231DC8CB00CF84DD /* GeneralClasses.swift in Sources */ = {isa = PBXBuildFile; fileRef = 043CE7D1231DC8CB00CF84DD /* GeneralClasses.swift */; };
		0441BFDB231C885B001D26D1 /* PersonalChatView.swift in Sources */ = {isa = PBXBuildFile; fileRef = 0441BFDA231C885B001D26D1 /* PersonalChatView.swift */; };
		04717F9D23F576950080E474 /* EUCLAViewController.swift in Sources */ = {isa = PBXBuildFile; fileRef = 04717F9C23F576950080E474 /* EUCLAViewController.swift */; };
		04717F9F23F57AB30080E474 /* PrivarcyPolicyViewController.swift in Sources */ = {isa = PBXBuildFile; fileRef = 04717F9E23F57AB30080E474 /* PrivarcyPolicyViewController.swift */; };
		04BAB4D6232468DB00E87B64 /* Reachability.swift in Sources */ = {isa = PBXBuildFile; fileRef = 04BAB4D5232468DB00E87B64 /* Reachability.swift */; };
		04C11E8E23233405000128DC /* Bck.png in Resources */ = {isa = PBXBuildFile; fileRef = 04C11E8D23233405000128DC /* Bck.png */; };
		04CEB7432389D05F0058A74A /* FirstUserAlert.swift in Sources */ = {isa = PBXBuildFile; fileRef = 04CEB7422389D05F0058A74A /* FirstUserAlert.swift */; };
		04CFA2FC23EEFF950057B841 /* DynamicLabel.swift in Sources */ = {isa = PBXBuildFile; fileRef = 04CFA2FB23EEFF950057B841 /* DynamicLabel.swift */; };
		04D6FD83231BE93E00FC863C /* CameraButton.png in Resources */ = {isa = PBXBuildFile; fileRef = 04D6FD81231BE93E00FC863C /* CameraButton.png */; };
		04D6FD84231BE93E00FC863C /* MessageButton.png in Resources */ = {isa = PBXBuildFile; fileRef = 04D6FD82231BE93E00FC863C /* MessageButton.png */; };
		04D6FD86231BF32100FC863C /* backButton.png in Resources */ = {isa = PBXBuildFile; fileRef = 04D6FD85231BF32100FC863C /* backButton.png */; };
		04D6FD88231C2D1C00FC863C /* MessagesCell.swift in Sources */ = {isa = PBXBuildFile; fileRef = 04D6FD87231C2D1C00FC863C /* MessagesCell.swift */; };
		04D6FD8B231C363900FC863C /* PeopleShowView.swift in Sources */ = {isa = PBXBuildFile; fileRef = 04D6FD8A231C363900FC863C /* PeopleShowView.swift */; };
		04D6FD91231C3CD000FC863C /* austin.png in Resources */ = {isa = PBXBuildFile; fileRef = 04D6FD90231C3CD000FC863C /* austin.png */; };
		04D6FD93231C3D8D00FC863C /* closeButton.png in Resources */ = {isa = PBXBuildFile; fileRef = 04D6FD92231C3D8D00FC863C /* closeButton.png */; };
		04F73D5C232267F80048CF99 /* NoResultCell.swift in Sources */ = {isa = PBXBuildFile; fileRef = 04F73D5B232267F80048CF99 /* NoResultCell.swift */; };
		3CE72B1CEB5F53E3944F0B67 /* Pods_RandPeople.framework in Frameworks */ = {isa = PBXBuildFile; fileRef = D996ED53A8BCD2B91DCB06E4 /* Pods_RandPeople.framework */; };
/* End PBXBuildFile section */

/* Begin PBXFileReference section */
		040F887C231B2104000D4921 /* RandPeople.app */ = {isa = PBXFileReference; explicitFileType = wrapper.application; includeInIndex = 0; path = RandPeople.app; sourceTree = BUILT_PRODUCTS_DIR; };
		040F887F231B2104000D4921 /* AppDelegate.swift */ = {isa = PBXFileReference; lastKnownFileType = sourcecode.swift; path = AppDelegate.swift; sourceTree = "<group>"; };
		040F8881231B2104000D4921 /* Navbar.swift */ = {isa = PBXFileReference; lastKnownFileType = sourcecode.swift; path = Navbar.swift; sourceTree = "<group>"; };
		040F8886231B2105000D4921 /* Assets.xcassets */ = {isa = PBXFileReference; lastKnownFileType = folder.assetcatalog; path = Assets.xcassets; sourceTree = "<group>"; };
		040F8889231B2105000D4921 /* Base */ = {isa = PBXFileReference; lastKnownFileType = file.storyboard; name = Base; path = Base.lproj/LaunchScreen.storyboard; sourceTree = "<group>"; };
		040F888B231B2105000D4921 /* Info.plist */ = {isa = PBXFileReference; lastKnownFileType = text.plist.xml; path = Info.plist; sourceTree = "<group>"; };
		040F8895231B21DC000D4921 /* General.swift */ = {isa = PBXFileReference; lastKnownFileType = sourcecode.swift; path = General.swift; sourceTree = "<group>"; };
		040F8897231B272B000D4921 /* FirstScreen.swift */ = {isa = PBXFileReference; lastKnownFileType = sourcecode.swift; path = FirstScreen.swift; sourceTree = "<group>"; };
		040F8899231B2B3F000D4921 /* FirstCell.swift */ = {isa = PBXFileReference; lastKnownFileType = sourcecode.swift; path = FirstCell.swift; sourceTree = "<group>"; };
		040F889B231B336A000D4921 /* CreateAlert.swift */ = {isa = PBXFileReference; lastKnownFileType = sourcecode.swift; path = CreateAlert.swift; sourceTree = "<group>"; };
		040F889D231B380B000D4921 /* MessageView.swift */ = {isa = PBXFileReference; lastKnownFileType = sourcecode.swift; path = MessageView.swift; sourceTree = "<group>"; };
		040F889F231B3833000D4921 /* ChatView.swift */ = {isa = PBXFileReference; lastKnownFileType = sourcecode.swift; path = ChatView.swift; sourceTree = "<group>"; };
		041913DF23F61FE400C10D73 /* SuspendUserInfoVC.swift */ = {isa = PBXFileReference; lastKnownFileType = sourcecode.swift; path = SuspendUserInfoVC.swift; sourceTree = "<group>"; };
		043CE7CF231DC53B00CF84DD /* GoogleService-Info.plist */ = {isa = PBXFileReference; fileEncoding = 4; lastKnownFileType = text.plist.xml; path = "GoogleService-Info.plist"; sourceTree = "<group>"; };
		043CE7D1231DC8CB00CF84DD /* GeneralClasses.swift */ = {isa = PBXFileReference; lastKnownFileType = sourcecode.swift; path = GeneralClasses.swift; sourceTree = "<group>"; };
		0441BFDA231C885B001D26D1 /* PersonalChatView.swift */ = {isa = PBXFileReference; lastKnownFileType = sourcecode.swift; path = PersonalChatView.swift; sourceTree = "<group>"; };
		04717F9C23F576950080E474 /* EUCLAViewController.swift */ = {isa = PBXFileReference; lastKnownFileType = sourcecode.swift; path = EUCLAViewController.swift; sourceTree = "<group>"; };
		04717F9E23F57AB30080E474 /* PrivarcyPolicyViewController.swift */ = {isa = PBXFileReference; lastKnownFileType = sourcecode.swift; path = PrivarcyPolicyViewController.swift; sourceTree = "<group>"; };
		04BAB4D5232468DB00E87B64 /* Reachability.swift */ = {isa = PBXFileReference; lastKnownFileType = sourcecode.swift; path = Reachability.swift; sourceTree = "<group>"; };
		04C11E8D23233405000128DC /* Bck.png */ = {isa = PBXFileReference; lastKnownFileType = image.png; path = Bck.png; sourceTree = "<group>"; };
		04CEB7422389D05F0058A74A /* FirstUserAlert.swift */ = {isa = PBXFileReference; lastKnownFileType = sourcecode.swift; path = FirstUserAlert.swift; sourceTree = "<group>"; };
		04CFA2FB23EEFF950057B841 /* DynamicLabel.swift */ = {isa = PBXFileReference; lastKnownFileType = sourcecode.swift; path = DynamicLabel.swift; sourceTree = "<group>"; };
		04D6FD81231BE93E00FC863C /* CameraButton.png */ = {isa = PBXFileReference; lastKnownFileType = image.png; path = CameraButton.png; sourceTree = "<group>"; };
		04D6FD82231BE93E00FC863C /* MessageButton.png */ = {isa = PBXFileReference; lastKnownFileType = image.png; path = MessageButton.png; sourceTree = "<group>"; };
		04D6FD85231BF32100FC863C /* backButton.png */ = {isa = PBXFileReference; lastKnownFileType = image.png; path = backButton.png; sourceTree = "<group>"; };
		04D6FD87231C2D1C00FC863C /* MessagesCell.swift */ = {isa = PBXFileReference; lastKnownFileType = sourcecode.swift; path = MessagesCell.swift; sourceTree = "<group>"; };
		04D6FD8A231C363900FC863C /* PeopleShowView.swift */ = {isa = PBXFileReference; lastKnownFileType = sourcecode.swift; path = PeopleShowView.swift; sourceTree = "<group>"; };
		04D6FD90231C3CD000FC863C /* austin.png */ = {isa = PBXFileReference; lastKnownFileType = image.png; path = austin.png; sourceTree = "<group>"; };
		04D6FD92231C3D8D00FC863C /* closeButton.png */ = {isa = PBXFileReference; lastKnownFileType = image.png; path = closeButton.png; sourceTree = "<group>"; };
		04F73D5B232267F80048CF99 /* NoResultCell.swift */ = {isa = PBXFileReference; lastKnownFileType = sourcecode.swift; path = NoResultCell.swift; sourceTree = "<group>"; };
		1C27F68E4B3BE2CE71C32DE7 /* Pods-RandPeople.debug.xcconfig */ = {isa = PBXFileReference; includeInIndex = 1; lastKnownFileType = text.xcconfig; name = "Pods-RandPeople.debug.xcconfig"; path = "Target Support Files/Pods-RandPeople/Pods-RandPeople.debug.xcconfig"; sourceTree = "<group>"; };
		D996ED53A8BCD2B91DCB06E4 /* Pods_RandPeople.framework */ = {isa = PBXFileReference; explicitFileType = wrapper.framework; includeInIndex = 0; path = Pods_RandPeople.framework; sourceTree = BUILT_PRODUCTS_DIR; };
		DF60454B55E1446D8317FD9F /* Pods-RandPeople.release.xcconfig */ = {isa = PBXFileReference; includeInIndex = 1; lastKnownFileType = text.xcconfig; name = "Pods-RandPeople.release.xcconfig"; path = "Target Support Files/Pods-RandPeople/Pods-RandPeople.release.xcconfig"; sourceTree = "<group>"; };
/* End PBXFileReference section */

/* Begin PBXFrameworksBuildPhase section */
		040F8879231B2104000D4921 /* Frameworks */ = {
			isa = PBXFrameworksBuildPhase;
			buildActionMask = 2147483647;
			files = (
				3CE72B1CEB5F53E3944F0B67 /* Pods_RandPeople.framework in Frameworks */,
			);
			runOnlyForDeploymentPostprocessing = 0;
		};
/* End PBXFrameworksBuildPhase section */

/* Begin PBXGroup section */
		040F8873231B2104000D4921 = {
			isa = PBXGroup;
			children = (
				040F887E231B2104000D4921 /* RandPeople */,
				040F887D231B2104000D4921 /* Products */,
				9D783EA3508F7535FBC31D3C /* Pods */,
				1469E6CAF0C2467D0653487B /* Frameworks */,
			);
			sourceTree = "<group>";
		};
		040F887D231B2104000D4921 /* Products */ = {
			isa = PBXGroup;
			children = (
				040F887C231B2104000D4921 /* RandPeople.app */,
			);
			name = Products;
			sourceTree = "<group>";
		};
		040F887E231B2104000D4921 /* RandPeople */ = {
			isa = PBXGroup;
			children = (
				040F8894231B21BB000D4921 /* Helpers */,
				040F8893231B21B5000D4921 /* Controllers */,
				040F8891231B21A2000D4921 /* Model */,
				040F8886231B2105000D4921 /* Assets.xcassets */,
				040F8888231B2105000D4921 /* LaunchScreen.storyboard */,
				040F888B231B2105000D4921 /* Info.plist */,
				043CE7CF231DC53B00CF84DD /* GoogleService-Info.plist */,
			);
			path = RandPeople;
			sourceTree = "<group>";
		};
		040F8891231B21A2000D4921 /* Model */ = {
			isa = PBXGroup;
			children = (
				043CE7D1231DC8CB00CF84DD /* GeneralClasses.swift */,
				040F8895231B21DC000D4921 /* General.swift */,
				040F889B231B336A000D4921 /* CreateAlert.swift */,
				04CFA2FB23EEFF950057B841 /* DynamicLabel.swift */,
			);
			path = Model;
			sourceTree = "<group>";
		};
		040F8893231B21B5000D4921 /* Controllers */ = {
			isa = PBXGroup;
			children = (
				040F8881231B2104000D4921 /* Navbar.swift */,
				040F8897231B272B000D4921 /* FirstScreen.swift */,
				040F889D231B380B000D4921 /* MessageView.swift */,
				040F889F231B3833000D4921 /* ChatView.swift */,
				0441BFDA231C885B001D26D1 /* PersonalChatView.swift */,
				04717F9C23F576950080E474 /* EUCLAViewController.swift */,
				04717F9E23F57AB30080E474 /* PrivarcyPolicyViewController.swift */,
				041913DF23F61FE400C10D73 /* SuspendUserInfoVC.swift */,
			);
			path = Controllers;
			sourceTree = "<group>";
		};
		040F8894231B21BB000D4921 /* Helpers */ = {
			isa = PBXGroup;
			children = (
				04CEB7452389D5040058A74A /* Views */,
				04CEB7442389D4EA0058A74A /* Cell */,
				04D6FD80231BE92900FC863C /* Images */,
				040F887F231B2104000D4921 /* AppDelegate.swift */,
				04BAB4D5232468DB00E87B64 /* Reachability.swift */,
			);
			path = Helpers;
			sourceTree = "<group>";
		};
		04CEB7442389D4EA0058A74A /* Cell */ = {
			isa = PBXGroup;
			children = (
				040F8899231B2B3F000D4921 /* FirstCell.swift */,
				04D6FD87231C2D1C00FC863C /* MessagesCell.swift */,
				04F73D5B232267F80048CF99 /* NoResultCell.swift */,
			);
			path = Cell;
			sourceTree = "<group>";
		};
		04CEB7452389D5040058A74A /* Views */ = {
			isa = PBXGroup;
			children = (
				04D6FD8A231C363900FC863C /* PeopleShowView.swift */,
				04CEB7422389D05F0058A74A /* FirstUserAlert.swift */,
			);
			path = Views;
			sourceTree = "<group>";
		};
		04D6FD80231BE92900FC863C /* Images */ = {
			isa = PBXGroup;
			children = (
				04C11E8D23233405000128DC /* Bck.png */,
				04D6FD92231C3D8D00FC863C /* closeButton.png */,
				04D6FD90231C3CD000FC863C /* austin.png */,
				04D6FD85231BF32100FC863C /* backButton.png */,
				04D6FD81231BE93E00FC863C /* CameraButton.png */,
				04D6FD82231BE93E00FC863C /* MessageButton.png */,
			);
			path = Images;
			sourceTree = "<group>";
		};
		1469E6CAF0C2467D0653487B /* Frameworks */ = {
			isa = PBXGroup;
			children = (
				D996ED53A8BCD2B91DCB06E4 /* Pods_RandPeople.framework */,
			);
			name = Frameworks;
			sourceTree = "<group>";
		};
		9D783EA3508F7535FBC31D3C /* Pods */ = {
			isa = PBXGroup;
			children = (
				1C27F68E4B3BE2CE71C32DE7 /* Pods-RandPeople.debug.xcconfig */,
				DF60454B55E1446D8317FD9F /* Pods-RandPeople.release.xcconfig */,
			);
			path = Pods;
			sourceTree = "<group>";
		};
/* End PBXGroup section */

/* Begin PBXNativeTarget section */
		040F887B231B2104000D4921 /* RandPeople */ = {
			isa = PBXNativeTarget;
			buildConfigurationList = 040F888E231B2105000D4921 /* Build configuration list for PBXNativeTarget "RandPeople" */;
			buildPhases = (
				2A06142E67B4BC26159CF47F /* [CP] Check Pods Manifest.lock */,
				040F8878231B2104000D4921 /* Sources */,
				040F8879231B2104000D4921 /* Frameworks */,
				040F887A231B2104000D4921 /* Resources */,
				931B420C986498D65301DEFF /* [CP] Embed Pods Frameworks */,
			);
			buildRules = (
			);
			dependencies = (
			);
			name = RandPeople;
			productName = RandPeople;
			productReference = 040F887C231B2104000D4921 /* RandPeople.app */;
			productType = "com.apple.product-type.application";
		};
/* End PBXNativeTarget section */

/* Begin PBXProject section */
		040F8874231B2104000D4921 /* Project object */ = {
			isa = PBXProject;
			attributes = {
				LastSwiftUpdateCheck = 1030;
				LastUpgradeCheck = 1030;
				ORGANIZATIONNAME = Mac;
				TargetAttributes = {
					040F887B231B2104000D4921 = {
						CreatedOnToolsVersion = 10.3;
					};
				};
			};
			buildConfigurationList = 040F8877231B2104000D4921 /* Build configuration list for PBXProject "RandPeople" */;
			compatibilityVersion = "Xcode 9.3";
			developmentRegion = en;
			hasScannedForEncodings = 0;
			knownRegions = (
				en,
				Base,
			);
			mainGroup = 040F8873231B2104000D4921;
			productRefGroup = 040F887D231B2104000D4921 /* Products */;
			projectDirPath = "";
			projectRoot = "";
			targets = (
				040F887B231B2104000D4921 /* RandPeople */,
			);
		};
/* End PBXProject section */

/* Begin PBXResourcesBuildPhase section */
		040F887A231B2104000D4921 /* Resources */ = {
			isa = PBXResourcesBuildPhase;
			buildActionMask = 2147483647;
			files = (
				04D6FD83231BE93E00FC863C /* CameraButton.png in Resources */,
				04D6FD93231C3D8D00FC863C /* closeButton.png in Resources */,
				04D6FD84231BE93E00FC863C /* MessageButton.png in Resources */,
				04C11E8E23233405000128DC /* Bck.png in Resources */,
				043CE7D0231DC53B00CF84DD /* GoogleService-Info.plist in Resources */,
				04D6FD86231BF32100FC863C /* backButton.png in Resources */,
				04D6FD91231C3CD000FC863C /* austin.png in Resources */,
				040F888A231B2105000D4921 /* LaunchScreen.storyboard in Resources */,
				040F8887231B2105000D4921 /* Assets.xcassets in Resources */,
			);
			runOnlyForDeploymentPostprocessing = 0;
		};
/* End PBXResourcesBuildPhase section */

/* Begin PBXShellScriptBuildPhase section */
		2A06142E67B4BC26159CF47F /* [CP] Check Pods Manifest.lock */ = {
			isa = PBXShellScriptBuildPhase;
			buildActionMask = 2147483647;
			files = (
			);
			inputFileListPaths = (
			);
			inputPaths = (
				"${PODS_PODFILE_DIR_PATH}/Podfile.lock",
				"${PODS_ROOT}/Manifest.lock",
			);
			name = "[CP] Check Pods Manifest.lock";
			outputFileListPaths = (
			);
			outputPaths = (
				"$(DERIVED_FILE_DIR)/Pods-RandPeople-checkManifestLockResult.txt",
			);
			runOnlyForDeploymentPostprocessing = 0;
			shellPath = /bin/sh;
			shellScript = "diff \"${PODS_PODFILE_DIR_PATH}/Podfile.lock\" \"${PODS_ROOT}/Manifest.lock\" > /dev/null\nif [ $? != 0 ] ; then\n    # print error to STDERR\n    echo \"error: The sandbox is not in sync with the Podfile.lock. Run 'pod install' or update your CocoaPods installation.\" >&2\n    exit 1\nfi\n# This output is used by Xcode 'outputs' to avoid re-running this script phase.\necho \"SUCCESS\" > \"${SCRIPT_OUTPUT_FILE_0}\"\n";
			showEnvVarsInLog = 0;
		};
		931B420C986498D65301DEFF /* [CP] Embed Pods Frameworks */ = {
			isa = PBXShellScriptBuildPhase;
			buildActionMask = 2147483647;
			files = (
			);
			inputFileListPaths = (
				"${PODS_ROOT}/Target Support Files/Pods-RandPeople/Pods-RandPeople-frameworks-${CONFIGURATION}-input-files.xcfilelist",
			);
			name = "[CP] Embed Pods Frameworks";
			outputFileListPaths = (
				"${PODS_ROOT}/Target Support Files/Pods-RandPeople/Pods-RandPeople-frameworks-${CONFIGURATION}-output-files.xcfilelist",
			);
			runOnlyForDeploymentPostprocessing = 0;
			shellPath = /bin/sh;
			shellScript = "\"${PODS_ROOT}/Target Support Files/Pods-RandPeople/Pods-RandPeople-frameworks.sh\"\n";
			showEnvVarsInLog = 0;
		};
/* End PBXShellScriptBuildPhase section */

/* Begin PBXSourcesBuildPhase section */
		040F8878231B2104000D4921 /* Sources */ = {
			isa = PBXSourcesBuildPhase;
			buildActionMask = 2147483647;
			files = (
				04BAB4D6232468DB00E87B64 /* Reachability.swift in Sources */,
				040F8898231B272B000D4921 /* FirstScreen.swift in Sources */,
				04CFA2FC23EEFF950057B841 /* DynamicLabel.swift in Sources */,
				04D6FD88231C2D1C00FC863C /* MessagesCell.swift in Sources */,
				04F73D5C232267F80048CF99 /* NoResultCell.swift in Sources */,
				04D6FD8B231C363900FC863C /* PeopleShowView.swift in Sources */,
				040F8896231B21DC000D4921 /* General.swift in Sources */,
				0441BFDB231C885B001D26D1 /* PersonalChatView.swift in Sources */,
				040F889C231B336A000D4921 /* CreateAlert.swift in Sources */,
				041913E023F61FE400C10D73 /* SuspendUserInfoVC.swift in Sources */,
				040F8882231B2104000D4921 /* Navbar.swift in Sources */,
				04717F9F23F57AB30080E474 /* PrivarcyPolicyViewController.swift in Sources */,
				040F88A0231B3833000D4921 /* ChatView.swift in Sources */,
				040F8880231B2104000D4921 /* AppDelegate.swift in Sources */,
				040F889E231B380B000D4921 /* MessageView.swift in Sources */,
				04717F9D23F576950080E474 /* EUCLAViewController.swift in Sources */,
				040F889A231B2B3F000D4921 /* FirstCell.swift in Sources */,
				04CEB7432389D05F0058A74A /* FirstUserAlert.swift in Sources */,
				043CE7D2231DC8CB00CF84DD /* GeneralClasses.swift in Sources */,
			);
			runOnlyForDeploymentPostprocessing = 0;
		};
/* End PBXSourcesBuildPhase section */

/* Begin PBXVariantGroup section */
		040F8888231B2105000D4921 /* LaunchScreen.storyboard */ = {
			isa = PBXVariantGroup;
			children = (
				040F8889231B2105000D4921 /* Base */,
			);
			name = LaunchScreen.storyboard;
			sourceTree = "<group>";
		};
/* End PBXVariantGroup section */

/* Begin XCBuildConfiguration section */
		040F888C231B2105000D4921 /* Debug */ = {
			isa = XCBuildConfiguration;
			buildSettings = {
				ALWAYS_SEARCH_USER_PATHS = NO;
				CLANG_ANALYZER_NONNULL = YES;
				CLANG_ANALYZER_NUMBER_OBJECT_CONVERSION = YES_AGGRESSIVE;
				CLANG_CXX_LANGUAGE_STANDARD = "gnu++14";
				CLANG_CXX_LIBRARY = "libc++";
				CLANG_ENABLE_MODULES = YES;
				CLANG_ENABLE_OBJC_ARC = YES;
				CLANG_ENABLE_OBJC_WEAK = YES;
				CLANG_WARN_BLOCK_CAPTURE_AUTORELEASING = YES;
				CLANG_WARN_BOOL_CONVERSION = YES;
				CLANG_WARN_COMMA = YES;
				CLANG_WARN_CONSTANT_CONVERSION = YES;
				CLANG_WARN_DEPRECATED_OBJC_IMPLEMENTATIONS = YES;
				CLANG_WARN_DIRECT_OBJC_ISA_USAGE = YES_ERROR;
				CLANG_WARN_DOCUMENTATION_COMMENTS = YES;
				CLANG_WARN_EMPTY_BODY = YES;
				CLANG_WARN_ENUM_CONVERSION = YES;
				CLANG_WARN_INFINITE_RECURSION = YES;
				CLANG_WARN_INT_CONVERSION = YES;
				CLANG_WARN_NON_LITERAL_NULL_CONVERSION = YES;
				CLANG_WARN_OBJC_IMPLICIT_RETAIN_SELF = YES;
				CLANG_WARN_OBJC_LITERAL_CONVERSION = YES;
				CLANG_WARN_OBJC_ROOT_CLASS = YES_ERROR;
				CLANG_WARN_RANGE_LOOP_ANALYSIS = YES;
				CLANG_WARN_STRICT_PROTOTYPES = YES;
				CLANG_WARN_SUSPICIOUS_MOVE = YES;
				CLANG_WARN_UNGUARDED_AVAILABILITY = YES_AGGRESSIVE;
				CLANG_WARN_UNREACHABLE_CODE = YES;
				CLANG_WARN__DUPLICATE_METHOD_MATCH = YES;
				CODE_SIGN_IDENTITY = "iPhone Developer";
				COPY_PHASE_STRIP = NO;
				DEBUG_INFORMATION_FORMAT = dwarf;
				ENABLE_STRICT_OBJC_MSGSEND = YES;
				ENABLE_TESTABILITY = YES;
				GCC_C_LANGUAGE_STANDARD = gnu11;
				GCC_DYNAMIC_NO_PIC = NO;
				GCC_NO_COMMON_BLOCKS = YES;
				GCC_OPTIMIZATION_LEVEL = 0;
				GCC_PREPROCESSOR_DEFINITIONS = (
					"DEBUG=1",
					"$(inherited)",
				);
				GCC_WARN_64_TO_32_BIT_CONVERSION = YES;
				GCC_WARN_ABOUT_RETURN_TYPE = YES_ERROR;
				GCC_WARN_UNDECLARED_SELECTOR = YES;
				GCC_WARN_UNINITIALIZED_AUTOS = YES_AGGRESSIVE;
				GCC_WARN_UNUSED_FUNCTION = YES;
				GCC_WARN_UNUSED_VARIABLE = YES;
				IPHONEOS_DEPLOYMENT_TARGET = 12.4;
				MTL_ENABLE_DEBUG_INFO = INCLUDE_SOURCE;
				MTL_FAST_MATH = YES;
				ONLY_ACTIVE_ARCH = YES;
				SDKROOT = iphoneos;
				SWIFT_ACTIVE_COMPILATION_CONDITIONS = DEBUG;
				SWIFT_OPTIMIZATION_LEVEL = "-Onone";
			};
			name = Debug;
		};
		040F888D231B2105000D4921 /* Release */ = {
			isa = XCBuildConfiguration;
			buildSettings = {
				ALWAYS_SEARCH_USER_PATHS = NO;
				CLANG_ANALYZER_NONNULL = YES;
				CLANG_ANALYZER_NUMBER_OBJECT_CONVERSION = YES_AGGRESSIVE;
				CLANG_CXX_LANGUAGE_STANDARD = "gnu++14";
				CLANG_CXX_LIBRARY = "libc++";
				CLANG_ENABLE_MODULES = YES;
				CLANG_ENABLE_OBJC_ARC = YES;
				CLANG_ENABLE_OBJC_WEAK = YES;
				CLANG_WARN_BLOCK_CAPTURE_AUTORELEASING = YES;
				CLANG_WARN_BOOL_CONVERSION = YES;
				CLANG_WARN_COMMA = YES;
				CLANG_WARN_CONSTANT_CONVERSION = YES;
				CLANG_WARN_DEPRECATED_OBJC_IMPLEMENTATIONS = YES;
				CLANG_WARN_DIRECT_OBJC_ISA_USAGE = YES_ERROR;
				CLANG_WARN_DOCUMENTATION_COMMENTS = YES;
				CLANG_WARN_EMPTY_BODY = YES;
				CLANG_WARN_ENUM_CONVERSION = YES;
				CLANG_WARN_INFINITE_RECURSION = YES;
				CLANG_WARN_INT_CONVERSION = YES;
				CLANG_WARN_NON_LITERAL_NULL_CONVERSION = YES;
				CLANG_WARN_OBJC_IMPLICIT_RETAIN_SELF = YES;
				CLANG_WARN_OBJC_LITERAL_CONVERSION = YES;
				CLANG_WARN_OBJC_ROOT_CLASS = YES_ERROR;
				CLANG_WARN_RANGE_LOOP_ANALYSIS = YES;
				CLANG_WARN_STRICT_PROTOTYPES = YES;
				CLANG_WARN_SUSPICIOUS_MOVE = YES;
				CLANG_WARN_UNGUARDED_AVAILABILITY = YES_AGGRESSIVE;
				CLANG_WARN_UNREACHABLE_CODE = YES;
				CLANG_WARN__DUPLICATE_METHOD_MATCH = YES;
				CODE_SIGN_IDENTITY = "iPhone Developer";
				COPY_PHASE_STRIP = NO;
				DEBUG_INFORMATION_FORMAT = "dwarf-with-dsym";
				ENABLE_NS_ASSERTIONS = NO;
				ENABLE_STRICT_OBJC_MSGSEND = YES;
				GCC_C_LANGUAGE_STANDARD = gnu11;
				GCC_NO_COMMON_BLOCKS = YES;
				GCC_WARN_64_TO_32_BIT_CONVERSION = YES;
				GCC_WARN_ABOUT_RETURN_TYPE = YES_ERROR;
				GCC_WARN_UNDECLARED_SELECTOR = YES;
				GCC_WARN_UNINITIALIZED_AUTOS = YES_AGGRESSIVE;
				GCC_WARN_UNUSED_FUNCTION = YES;
				GCC_WARN_UNUSED_VARIABLE = YES;
				IPHONEOS_DEPLOYMENT_TARGET = 12.4;
				MTL_ENABLE_DEBUG_INFO = NO;
				MTL_FAST_MATH = YES;
				SDKROOT = iphoneos;
				SWIFT_COMPILATION_MODE = wholemodule;
				SWIFT_OPTIMIZATION_LEVEL = "-O";
				VALIDATE_PRODUCT = YES;
			};
			name = Release;
		};
		040F888F231B2105000D4921 /* Debug */ = {
			isa = XCBuildConfiguration;
			baseConfigurationReference = 1C27F68E4B3BE2CE71C32DE7 /* Pods-RandPeople.debug.xcconfig */;
			buildSettings = {
				ASSETCATALOG_COMPILER_APPICON_NAME = AppIcon;
				CODE_SIGN_STYLE = Automatic;
				DEVELOPMENT_TEAM = T2FENB68MY;
				INFOPLIST_FILE = RandPeople/Info.plist;
				LD_RUNPATH_SEARCH_PATHS = (
					"$(inherited)",
					"@executable_path/Frameworks",
				);
				MARKETING_VERSION = 1.0.2;
				PRODUCT_BUNDLE_IDENTIFIER = com.randpeopleapp.randpeople;
				PRODUCT_NAME = "$(TARGET_NAME)";
				SWIFT_VERSION = 5.0;
				TARGETED_DEVICE_FAMILY = 1;
			};
			name = Debug;
		};
		040F8890231B2105000D4921 /* Release */ = {
			isa = XCBuildConfiguration;
			baseConfigurationReference = DF60454B55E1446D8317FD9F /* Pods-RandPeople.release.xcconfig */;
			buildSettings = {
				ASSETCATALOG_COMPILER_APPICON_NAME = AppIcon;
				CODE_SIGN_STYLE = Automatic;
				DEVELOPMENT_TEAM = T2FENB68MY;
				INFOPLIST_FILE = RandPeople/Info.plist;
				LD_RUNPATH_SEARCH_PATHS = (
					"$(inherited)",
					"@executable_path/Frameworks",
				);
				MARKETING_VERSION = 1.0.2;
				PRODUCT_BUNDLE_IDENTIFIER = com.randpeopleapp.randpeople;
				PRODUCT_NAME = "$(TARGET_NAME)";
				SWIFT_VERSION = 5.0;
				TARGETED_DEVICE_FAMILY = 1;
			};
			name = Release;
		};
/* End XCBuildConfiguration section */

/* Begin XCConfigurationList section */
		040F8877231B2104000D4921 /* Build configuration list for PBXProject "RandPeople" */ = {
			isa = XCConfigurationList;
			buildConfigurations = (
				040F888C231B2105000D4921 /* Debug */,
				040F888D231B2105000D4921 /* Release */,
			);
			defaultConfigurationIsVisible = 0;
			defaultConfigurationName = Release;
		};
		040F888E231B2105000D4921 /* Build configuration list for PBXNativeTarget "RandPeople" */ = {
			isa = XCConfigurationList;
			buildConfigurations = (
				040F888F231B2105000D4921 /* Debug */,
				040F8890231B2105000D4921 /* Release */,
			);
			defaultConfigurationIsVisible = 0;
			defaultConfigurationName = Release;
		};
/* End XCConfigurationList section */
	};
	rootObject = 040F8874231B2104000D4921 /* Project object */;
}
